
Microsoft Visual Studio Solution File, Format Version 12.00
# Visual Studio Version 17
VisualStudioVersion = 17.6.33815.320
MinimumVisualStudioVersion = 10.0.40219.1
Project("{FAE04EC0-301F-11D3-BF4B-00C04F79EFBC}") = "WPF_SudokuProject", "WPF_SudokuProject\WPF_SudokuProject.csproj", "{CE0F3F91-32D8-4DC6-B399-76C3648430C6}"
EndProject
Global
	GlobalSection(SolutionConfigurationPlatforms) = preSolution
		Debug|Any CPU = Debug|Any CPU
		Release|Any CPU = Release|Any CPU
	EndGlobalSection
	GlobalSection(ProjectConfigurationPlatforms) = postSolution
		{CE0F3F91-32D8-4DC6-B399-76C3648430C6}.Debug|Any CPU.ActiveCfg = Debug|Any CPU
		{CE0F3F91-32D8-4DC6-B399-76C3648430C6}.Debug|Any CPU.Build.0 = Debug|Any CPU
		{CE0F3F91-32D8-4DC6-B399-76C3648430C6}.Release|Any CPU.ActiveCfg = Release|Any CPU
		{CE0F3F91-32D8-4DC6-B399-76C3648430C6}.Release|Any CPU.Build.0 = Release|Any CPU
	EndGlobalSection
	GlobalSection(SolutionProperties) = preSolution
		HideSolutionNode = FALSE
	EndGlobalSection
	GlobalSection(ExtensibilityGlobals) = postSolution
		SolutionGuid = {F01C8EC4-3192-458B-96A0-945E0681DAF8}
	EndGlobalSection
EndGlobal
